
Microsoft Visual Studio Solution File, Format Version 12.00
# Visual Studio 2013
VisualStudioVersion = 12.0.21005.1
MinimumVisualStudioVersion = 10.0.40219.1
Project("{FAE04EC0-301F-11D3-BF4B-00C04F79EFBC}") = "Assignment", "Assignment\Assignment.csproj", "{6C3744E5-4B4A-48DF-8D61-1D0D81557ADF}"
EndProject
Project("{FAE04EC0-301F-11D3-BF4B-00C04F79EFBC}") = "WeightWatchers", "WeightWatchers\WeightWatchers.csproj", "{C6834B9B-C10F-4857-B8BC-33E22D429D68}"
EndProject
Global
	GlobalSection(SolutionConfigurationPlatforms) = preSolution
		Debug|Any CPU = Debug|Any CPU
		Release|Any CPU = Release|Any CPU
	EndGlobalSection
	GlobalSection(ProjectConfigurationPlatforms) = postSolution
		{6C3744E5-4B4A-48DF-8D61-1D0D81557ADF}.Debug|Any CPU.ActiveCfg = Debug|Any CPU
		{6C3744E5-4B4A-48DF-8D61-1D0D81557ADF}.Debug|Any CPU.Build.0 = Debug|Any CPU
		{6C3744E5-4B4A-48DF-8D61-1D0D81557ADF}.Release|Any CPU.ActiveCfg = Release|Any CPU
		{6C3744E5-4B4A-48DF-8D61-1D0D81557ADF}.Release|Any CPU.Build.0 = Release|Any CPU
		{C6834B9B-C10F-4857-B8BC-33E22D429D68}.Debug|Any CPU.ActiveCfg = Debug|Any CPU
		{C6834B9B-C10F-4857-B8BC-33E22D429D68}.Debug|Any CPU.Build.0 = Debug|Any CPU
		{C6834B9B-C10F-4857-B8BC-33E22D429D68}.Release|Any CPU.ActiveCfg = Release|Any CPU
		{C6834B9B-C10F-4857-B8BC-33E22D429D68}.Release|Any CPU.Build.0 = Release|Any CPU
	EndGlobalSection
	GlobalSection(SolutionProperties) = preSolution
		HideSolutionNode = FALSE
	EndGlobalSection
EndGlobal
